
Microsoft Visual Studio Solution File, Format Version 12.00
# Visual Studio Version 16
VisualStudioVersion = 25.0.1703.0
MinimumVisualStudioVersion = 10.0.40219.1
Project("{FAE04EC0-301F-11D3-BF4B-00C04F79EFBC}") = "GithubEmojis", "GithubEmojis\GithubEmojis.csproj", "{71774BA0-65F8-4DC6-9334-5894A414A7F5}"
EndProject
Project("{2150E333-8FDC-42A3-9474-1A3956D46DE8}") = "Solution Items", "Solution Items", "{7EEED21A-3DF2-4F2F-ACA4-720EDB896D96}"
	ProjectSection(SolutionItems) = preProject
		.editorconfig = .editorconfig
	EndProjectSection
EndProject
Global
	GlobalSection(SolutionConfigurationPlatforms) = preSolution
		Debug|Any CPU = Debug|Any CPU
		Release|Any CPU = Release|Any CPU
	EndGlobalSection
	GlobalSection(ProjectConfigurationPlatforms) = postSolution
		{71774BA0-65F8-4DC6-9334-5894A414A7F5}.Debug|Any CPU.ActiveCfg = Debug|Any CPU
		{71774BA0-65F8-4DC6-9334-5894A414A7F5}.Debug|Any CPU.Build.0 = Debug|Any CPU
		{71774BA0-65F8-4DC6-9334-5894A414A7F5}.Release|Any CPU.ActiveCfg = Release|Any CPU
		{71774BA0-65F8-4DC6-9334-5894A414A7F5}.Release|Any CPU.Build.0 = Release|Any CPU
	EndGlobalSection
	GlobalSection(SolutionProperties) = preSolution
		HideSolutionNode = FALSE
	EndGlobalSection
	GlobalSection(ExtensibilityGlobals) = postSolution
		SolutionGuid = {AB6EC634-D946-4AE6-87F5-4655261D7D29}
	EndGlobalSection
EndGlobal
